schema: '2.0'
stages:
  data_visualization:
    cmd: python src/data_visualization.py
    deps:
    - path: data/raw/datos_creditos.csv
      hash: md5
      md5: 3b26edd22e8827f890d7cd32efe475b7
      size: 663047
    - path: data/raw/datos_tarjetas.csv
      hash: md5
      md5: 9e197c893925601cd447c81256e8cf07
      size: 845190
    - path: src/data_visualization.py
      hash: md5
      md5: 4cc9da3e540ff3a6ec38953cf669528e
      size: 3430
    outs:
    - path: docs/figures/correlation_heatmap_creditos.png
      hash: md5
      md5: 25acd71cbee0ab68c108d74a14c6546d
      size: 77161
    - path: docs/figures/correlation_heatmap_tarjetas.png
      hash: md5
      md5: be5105f4aed5c8594f1939d74d91be5f
      size: 52497
    - path: docs/figures/target_distribution.png
      hash: md5
      md5: 103ed490582e63d18653cece13747409
      size: 21596
    - path: docs/reporte_creditos.html
      hash: md5
      md5: 0b958db583425ca4cfe0a5de12c408d4
      size: 3824566
    - path: docs/reporte_tarjetas.html
      hash: md5
      md5: e67b7c89eb7aadcfe6db2fbc184b7e3f
      size: 3048901
  test_pandera:
    cmd: pytest --html=docs/report_basico.html --self-contained-html 
      test/test_data_quality.py -v || ver
    deps:
    - path: data/raw/datos_creditos.csv
      hash: md5
      md5: 3b26edd22e8827f890d7cd32efe475b7
      size: 663047
    - path: data/raw/datos_tarjetas.csv
      hash: md5
      md5: 9e197c893925601cd447c81256e8cf07
      size: 845190
    - path: test/test_data_quality.py
      hash: md5
      md5: 7e809fa52c1993d04defe413822c0b76
      size: 6562
    outs:
    - path: docs/report_basico.html
      hash: md5
      md5: 17c82a6cca563203cc988b3d23e75491
      size: 47085
  test_ge:
    cmd: pytest --html=docs/report_ge.html --self-contained-html 
      test/test_data_quality_ge.py -v || ver
    deps:
    - path: data/raw/datos_creditos.csv
      hash: md5
      md5: 3b26edd22e8827f890d7cd32efe475b7
      size: 663047
    - path: data/raw/datos_tarjetas.csv
      hash: md5
      md5: 9e197c893925601cd447c81256e8cf07
      size: 845190
    - path: test/test_data_quality_ge.py
      hash: md5
      md5: e364d5c070574c046a8f26decc58b331
      size: 6690
    outs:
    - path: docs/report_ge.html
      hash: md5
      md5: ef5b26a0fb54f1b357d69b02e45cacf2
      size: 43081
  data_processing:
    cmd: python src/data_prep.py
    deps:
    - path: data/raw/datos_creditos.csv
      hash: md5
      md5: 3b26edd22e8827f890d7cd32efe475b7
      size: 663047
    - path: data/raw/datos_tarjetas.csv
      hash: md5
      md5: 9e197c893925601cd447c81256e8cf07
      size: 845190
    - path: src/data_prep.py
      hash: md5
      md5: 10cd96573165e2c5b13e65d8458c7f73
      size: 4828
    outs:
    - path: data/processed/datos_integrados.csv
      hash: md5
      md5: f65011065e3c5135c7a55348af58ba48
      size: 2064944
    - path: docs/reporte_preprocesado.html
      hash: md5
      md5: 8a6d53bb370e635f31e9ccb89c441159
      size: 14529344
  train_model:
    cmd: python src/train_model.py
    deps:
    - path: data/processed/datos_integrados.csv
      hash: md5
      md5: f65011065e3c5135c7a55348af58ba48
      size: 2064944
    - path: src/train_model.py
      hash: md5
      md5: 55e33dd4dd13c64e4dcbd7cd49ff2e21
      size: 8070
    outs:
    - path: docs/figures/confusion_matrix.png
      hash: md5
      md5: afa0d1bdf6a39764c563367f47f6aa45
      size: 18949
    - path: metrics/train_metrics.json
      hash: md5
      md5: cc99cf0dadc4906fef42707f52bc9e2c
      size: 195
    - path: models/prod_model.pkl
      hash: md5
      md5: b96ea160186ba77e840cbbb542d4328a
      size: 4708183
    - path: models/prod_preprocessor.pkl
      hash: md5
      md5: e9155244ebeff0a209159dde4d5bbee2
      size: 5439
  test_model:
    cmd: pytest --html=docs/report_model.html --self-contained-html 
      test/test_train.py -v || true
    deps:
    - path: data/processed/datos_integrados.csv
      hash: md5
      md5: f65011065e3c5135c7a55348af58ba48
      size: 2064944
    - path: test/test_train.py
      hash: md5
      md5: 20eabf5a1c80490d8524679b793f2129
      size: 1630
    outs:
    - path: docs/report_model.html
      hash: md5
      md5: 51448bc7dd8c9fa79ccea4be191d1842
      size: 34954
